
Microsoft Visual Studio Solution File, Format Version 12.00
# Visual Studio 15
VisualStudioVersion = 15.0.28307.1209
MinimumVisualStudioVersion = 10.0.40219.1
Project("{8BC9CEB8-8B4A-11D0-8D11-00A0C91BC942}") = "CppConcepts", "CppConcepts\CppConcepts.vcxproj", "{474F3CE7-B3B6-4C98-8B51-0B53E6F395C3}"
EndProject
Project("{8BC9CEB8-8B4A-11D0-8D11-00A0C91BC942}") = "ClassTest", "ClassTest\ClassTest.vcxproj", "{8B9529B1-C29A-4EDD-835C-3D7D10D7C5A2}"
EndProject
Project("{8BC9CEB8-8B4A-11D0-8D11-00A0C91BC942}") = "TestBench", "TestBench\TestBench.vcxproj", "{D94A5C5D-7F66-49D5-A18A-AB50F3DA8815}"
EndProject
Global
	GlobalSection(SolutionConfigurationPlatforms) = preSolution
		Debug|x64 = Debug|x64
		Debug|x86 = Debug|x86
		Release|x64 = Release|x64
		Release|x86 = Release|x86
	EndGlobalSection
	GlobalSection(ProjectConfigurationPlatforms) = postSolution
		{474F3CE7-B3B6-4C98-8B51-0B53E6F395C3}.Debug|x64.ActiveCfg = Debug|x64
		{474F3CE7-B3B6-4C98-8B51-0B53E6F395C3}.Debug|x64.Build.0 = Debug|x64
		{474F3CE7-B3B6-4C98-8B51-0B53E6F395C3}.Debug|x86.ActiveCfg = Debug|x64
		{474F3CE7-B3B6-4C98-8B51-0B53E6F395C3}.Release|x64.ActiveCfg = Release|x64
		{474F3CE7-B3B6-4C98-8B51-0B53E6F395C3}.Release|x64.Build.0 = Release|x64
		{474F3CE7-B3B6-4C98-8B51-0B53E6F395C3}.Release|x86.ActiveCfg = Release|x64
		{8B9529B1-C29A-4EDD-835C-3D7D10D7C5A2}.Debug|x64.ActiveCfg = Debug|x64
		{8B9529B1-C29A-4EDD-835C-3D7D10D7C5A2}.Debug|x64.Build.0 = Debug|x64
		{8B9529B1-C29A-4EDD-835C-3D7D10D7C5A2}.Debug|x86.ActiveCfg = Debug|Win32
		{8B9529B1-C29A-4EDD-835C-3D7D10D7C5A2}.Debug|x86.Build.0 = Debug|Win32
		{8B9529B1-C29A-4EDD-835C-3D7D10D7C5A2}.Release|x64.ActiveCfg = Release|x64
		{8B9529B1-C29A-4EDD-835C-3D7D10D7C5A2}.Release|x64.Build.0 = Release|x64
		{8B9529B1-C29A-4EDD-835C-3D7D10D7C5A2}.Release|x86.ActiveCfg = Release|Win32
		{8B9529B1-C29A-4EDD-835C-3D7D10D7C5A2}.Release|x86.Build.0 = Release|Win32
		{D94A5C5D-7F66-49D5-A18A-AB50F3DA8815}.Debug|x64.ActiveCfg = Debug|x64
		{D94A5C5D-7F66-49D5-A18A-AB50F3DA8815}.Debug|x64.Build.0 = Debug|x64
		{D94A5C5D-7F66-49D5-A18A-AB50F3DA8815}.Debug|x86.ActiveCfg = Debug|Win32
		{D94A5C5D-7F66-49D5-A18A-AB50F3DA8815}.Debug|x86.Build.0 = Debug|Win32
		{D94A5C5D-7F66-49D5-A18A-AB50F3DA8815}.Release|x64.ActiveCfg = Release|x64
		{D94A5C5D-7F66-49D5-A18A-AB50F3DA8815}.Release|x64.Build.0 = Release|x64
		{D94A5C5D-7F66-49D5-A18A-AB50F3DA8815}.Release|x86.ActiveCfg = Release|Win32
		{D94A5C5D-7F66-49D5-A18A-AB50F3DA8815}.Release|x86.Build.0 = Release|Win32
	EndGlobalSection
	GlobalSection(SolutionProperties) = preSolution
		HideSolutionNode = FALSE
	EndGlobalSection
	GlobalSection(ExtensibilityGlobals) = postSolution
		SolutionGuid = {D59ED045-D3C2-4F96-A3EE-DDCFF2950733}
	EndGlobalSection
EndGlobal
