<?xml version="1.0" encoding="utf-8"?>
<Project ToolsVersion="4.0" xmlns="http://schemas.microsoft.com/developer/msbuild/2003">
  <ItemGroup>
    <ClCompile Include="main.cpp" />
    <ClCompile Include="SomeDeisgn.cpp">
      <Filter>URLShortening</Filter>
    </ClCompile>
  </ItemGroup>
  <ItemGroup>
    <Filter Include="URLShortening">
      <UniqueIdentifier>{1cc26688-c16e-4de2-b34d-bdd77eed99ef}</UniqueIdentifier>
    </Filter>
  </ItemGroup>
  <ItemGroup>
    <ClInclude Include="SomeDesign.h">
      <Filter>URLShortening</Filter>
    </ClInclude>
  </ItemGroup>
</Project>